
Microsoft Visual Studio Solution File, Format Version 12.00
# Visual Studio Version 17
VisualStudioVersion = 17.3.32929.385
MinimumVisualStudioVersion = 10.0.40219.1
Project("{9A19103F-16F7-4668-BE54-9A1E7A4F7556}") = "UnitOfWork.BookStore.Domain", "src\UnitOfWork.BookStore.Domain\UnitOfWork.BookStore.Domain.csproj", "{7A90DF99-9950-46B1-A48F-6B4128779D94}"
EndProject
Project("{9A19103F-16F7-4668-BE54-9A1E7A4F7556}") = "UnitOfWork.BookStore.Data.EFCore", "src\UnitOfWork.BookStore.Data.EFCore\UnitOfWork.BookStore.Data.EFCore.csproj", "{F41C193D-9FD1-49E9-80E4-6E57097099DA}"
EndProject
Project("{FAE04EC0-301F-11D3-BF4B-00C04F79EFBC}") = "UnitOfWork.BookStore.Web", "src\UnitOfWork.BookStore.Web\UnitOfWork.BookStore.Web.csproj", "{EFC90C9F-825C-4E92-B9A6-30A44A0791AF}"
EndProject
Global
	GlobalSection(SolutionConfigurationPlatforms) = preSolution
		Debug|Any CPU = Debug|Any CPU
		Release|Any CPU = Release|Any CPU
	EndGlobalSection
	GlobalSection(ProjectConfigurationPlatforms) = postSolution
		{7A90DF99-9950-46B1-A48F-6B4128779D94}.Debug|Any CPU.ActiveCfg = Debug|Any CPU
		{7A90DF99-9950-46B1-A48F-6B4128779D94}.Debug|Any CPU.Build.0 = Debug|Any CPU
		{7A90DF99-9950-46B1-A48F-6B4128779D94}.Release|Any CPU.ActiveCfg = Release|Any CPU
		{7A90DF99-9950-46B1-A48F-6B4128779D94}.Release|Any CPU.Build.0 = Release|Any CPU
		{F41C193D-9FD1-49E9-80E4-6E57097099DA}.Debug|Any CPU.ActiveCfg = Debug|Any CPU
		{F41C193D-9FD1-49E9-80E4-6E57097099DA}.Debug|Any CPU.Build.0 = Debug|Any CPU
		{F41C193D-9FD1-49E9-80E4-6E57097099DA}.Release|Any CPU.ActiveCfg = Release|Any CPU
		{F41C193D-9FD1-49E9-80E4-6E57097099DA}.Release|Any CPU.Build.0 = Release|Any CPU
		{EFC90C9F-825C-4E92-B9A6-30A44A0791AF}.Debug|Any CPU.ActiveCfg = Debug|Any CPU
		{EFC90C9F-825C-4E92-B9A6-30A44A0791AF}.Debug|Any CPU.Build.0 = Debug|Any CPU
		{EFC90C9F-825C-4E92-B9A6-30A44A0791AF}.Release|Any CPU.ActiveCfg = Release|Any CPU
		{EFC90C9F-825C-4E92-B9A6-30A44A0791AF}.Release|Any CPU.Build.0 = Release|Any CPU
	EndGlobalSection
	GlobalSection(SolutionProperties) = preSolution
		HideSolutionNode = FALSE
	EndGlobalSection
	GlobalSection(ExtensibilityGlobals) = postSolution
		SolutionGuid = {8297D0B0-D50F-4AA8-8CCB-29207E90D8EA}
	EndGlobalSection
EndGlobal
